
Microsoft Visual Studio Solution File, Format Version 12.00
# Visual Studio Version 16
VisualStudioVersion = 16.0.29009.5
MinimumVisualStudioVersion = 10.0.40219.1
Project("{FAE04EC0-301F-11D3-BF4B-00C04F79EFBC}") = "GigHub_dotNet", "GigHub_dotNet.csproj", "{EE0F0EFA-C11C-419C-B19A-235EDE0ED403}"
EndProject
Global
	GlobalSection(SolutionConfigurationPlatforms) = preSolution
		Debug|Any CPU = Debug|Any CPU
		Release|Any CPU = Release|Any CPU
	EndGlobalSection
	GlobalSection(ProjectConfigurationPlatforms) = postSolution
		{EE0F0EFA-C11C-419C-B19A-235EDE0ED403}.Debug|Any CPU.ActiveCfg = Debug|Any CPU
		{EE0F0EFA-C11C-419C-B19A-235EDE0ED403}.Debug|Any CPU.Build.0 = Debug|Any CPU
		{EE0F0EFA-C11C-419C-B19A-235EDE0ED403}.Release|Any CPU.ActiveCfg = Release|Any CPU
		{EE0F0EFA-C11C-419C-B19A-235EDE0ED403}.Release|Any CPU.Build.0 = Release|Any CPU
	EndGlobalSection
	GlobalSection(SolutionProperties) = preSolution
		HideSolutionNode = FALSE
	EndGlobalSection
	GlobalSection(ExtensibilityGlobals) = postSolution
		SolutionGuid = {BB291FEC-F7B3-41BA-8ECB-4570CD086E25}
	EndGlobalSection
EndGlobal
